
Microsoft Visual Studio Solution File, Format Version 12.00
# Visual Studio Version 17
VisualStudioVersion = 17.1.32319.34
MinimumVisualStudioVersion = 10.0.40219.1
Project("{9A19103F-16F7-4668-BE54-9A1E7A4F7556}") = "ShoppingCart.API", "ShoppingCart.API\ShoppingCart.API.csproj", "{FEA6B5CF-1CEA-434C-A5C3-FC278FB87D9E}"
EndProject
Project("{9A19103F-16F7-4668-BE54-9A1E7A4F7556}") = "ShoppingCart.Entities", "ShoppingCart.Entities\ShoppingCart.Entities.csproj", "{DCCAEB97-787B-4D03-95CD-E49218CFC24A}"
EndProject
Project("{9A19103F-16F7-4668-BE54-9A1E7A4F7556}") = "ShoppingCart.Services", "ShoppingCart.Services\ShoppingCart.Services.csproj", "{C53DDDE7-C6B3-4E8D-84F4-0CA7112D2E27}"
EndProject
Project("{9A19103F-16F7-4668-BE54-9A1E7A4F7556}") = "ShoppingCart.Contracts", "ShoppingCart.Contracts\ShoppingCart.Contracts.csproj", "{01103BD3-A7A3-4E26-89B9-6BA69AEC65ED}"
EndProject
Project("{9A19103F-16F7-4668-BE54-9A1E7A4F7556}") = "ShoppingCart.Repositories", "ShoppingCart.Repositories\ShoppingCart.Repositories.csproj", "{7538F4B1-35B0-42FD-B7EE-E27967E97B9D}"
EndProject
Project("{9A19103F-16F7-4668-BE54-9A1E7A4F7556}") = "ShoppingCart.IntegrationTests", "ShoppingCart.IntegrationTests\ShoppingCart.IntegrationTests.csproj", "{59D705B3-996B-4398-B311-031F95CD1A2E}"
EndProject
Project("{FAE04EC0-301F-11D3-BF4B-00C04F79EFBC}") = "ShoppingCartAPI.UnitTests", "ShoppingCartAPI.UnitTests\ShoppingCartAPI.UnitTests.csproj", "{A4FF3F8F-4C44-433A-AE9F-B4FC333BBCB1}"
EndProject
Global
	GlobalSection(SolutionConfigurationPlatforms) = preSolution
		Debug|Any CPU = Debug|Any CPU
		Release|Any CPU = Release|Any CPU
	EndGlobalSection
	GlobalSection(ProjectConfigurationPlatforms) = postSolution
		{FEA6B5CF-1CEA-434C-A5C3-FC278FB87D9E}.Debug|Any CPU.ActiveCfg = Debug|Any CPU
		{FEA6B5CF-1CEA-434C-A5C3-FC278FB87D9E}.Debug|Any CPU.Build.0 = Debug|Any CPU
		{FEA6B5CF-1CEA-434C-A5C3-FC278FB87D9E}.Release|Any CPU.ActiveCfg = Release|Any CPU
		{FEA6B5CF-1CEA-434C-A5C3-FC278FB87D9E}.Release|Any CPU.Build.0 = Release|Any CPU
		{DCCAEB97-787B-4D03-95CD-E49218CFC24A}.Debug|Any CPU.ActiveCfg = Debug|Any CPU
		{DCCAEB97-787B-4D03-95CD-E49218CFC24A}.Debug|Any CPU.Build.0 = Debug|Any CPU
		{DCCAEB97-787B-4D03-95CD-E49218CFC24A}.Release|Any CPU.ActiveCfg = Release|Any CPU
		{DCCAEB97-787B-4D03-95CD-E49218CFC24A}.Release|Any CPU.Build.0 = Release|Any CPU
		{C53DDDE7-C6B3-4E8D-84F4-0CA7112D2E27}.Debug|Any CPU.ActiveCfg = Debug|Any CPU
		{C53DDDE7-C6B3-4E8D-84F4-0CA7112D2E27}.Debug|Any CPU.Build.0 = Debug|Any CPU
		{C53DDDE7-C6B3-4E8D-84F4-0CA7112D2E27}.Release|Any CPU.ActiveCfg = Release|Any CPU
		{C53DDDE7-C6B3-4E8D-84F4-0CA7112D2E27}.Release|Any CPU.Build.0 = Release|Any CPU
		{01103BD3-A7A3-4E26-89B9-6BA69AEC65ED}.Debug|Any CPU.ActiveCfg = Debug|Any CPU
		{01103BD3-A7A3-4E26-89B9-6BA69AEC65ED}.Debug|Any CPU.Build.0 = Debug|Any CPU
		{01103BD3-A7A3-4E26-89B9-6BA69AEC65ED}.Release|Any CPU.ActiveCfg = Release|Any CPU
		{01103BD3-A7A3-4E26-89B9-6BA69AEC65ED}.Release|Any CPU.Build.0 = Release|Any CPU
		{7538F4B1-35B0-42FD-B7EE-E27967E97B9D}.Debug|Any CPU.ActiveCfg = Debug|Any CPU
		{7538F4B1-35B0-42FD-B7EE-E27967E97B9D}.Debug|Any CPU.Build.0 = Debug|Any CPU
		{7538F4B1-35B0-42FD-B7EE-E27967E97B9D}.Release|Any CPU.ActiveCfg = Release|Any CPU
		{7538F4B1-35B0-42FD-B7EE-E27967E97B9D}.Release|Any CPU.Build.0 = Release|Any CPU
		{59D705B3-996B-4398-B311-031F95CD1A2E}.Debug|Any CPU.ActiveCfg = Debug|Any CPU
		{59D705B3-996B-4398-B311-031F95CD1A2E}.Debug|Any CPU.Build.0 = Debug|Any CPU
		{59D705B3-996B-4398-B311-031F95CD1A2E}.Release|Any CPU.ActiveCfg = Release|Any CPU
		{59D705B3-996B-4398-B311-031F95CD1A2E}.Release|Any CPU.Build.0 = Release|Any CPU
		{A4FF3F8F-4C44-433A-AE9F-B4FC333BBCB1}.Debug|Any CPU.ActiveCfg = Debug|Any CPU
		{A4FF3F8F-4C44-433A-AE9F-B4FC333BBCB1}.Debug|Any CPU.Build.0 = Debug|Any CPU
		{A4FF3F8F-4C44-433A-AE9F-B4FC333BBCB1}.Release|Any CPU.ActiveCfg = Release|Any CPU
		{A4FF3F8F-4C44-433A-AE9F-B4FC333BBCB1}.Release|Any CPU.Build.0 = Release|Any CPU
	EndGlobalSection
	GlobalSection(SolutionProperties) = preSolution
		HideSolutionNode = FALSE
	EndGlobalSection
	GlobalSection(ExtensibilityGlobals) = postSolution
		SolutionGuid = {4CA72E0E-80B0-4BB5-9AC6-69B0164BDAA5}
	EndGlobalSection
EndGlobal
